
Microsoft Visual Studio Solution File, Format Version 12.00
# Visual Studio Version 17
VisualStudioVersion = 17.6.33815.320
MinimumVisualStudioVersion = 10.0.40219.1
Project("{9A19103F-16F7-4668-BE54-9A1E7A4F7556}") = "DBF", "DBF\DBF.csproj", "{DA46FFB4-0F4B-4560-90BD-285CE62C27F6}"
EndProject
Project("{FAE04EC0-301F-11D3-BF4B-00C04F79EFBC}") = "Dbf_4_8", "Dbf_4_8\Dbf_4_8.csproj", "{DADBAD4D-FB20-4966-A909-A67EE834AF60}"
EndProject
Project("{FAE04EC0-301F-11D3-BF4B-00C04F79EFBC}") = "WebApplication1", "WebApplication1\WebApplication1.csproj", "{C4DDACCE-DC06-4D75-9DCC-4B619AD22E8B}"
EndProject
Global
	GlobalSection(SolutionConfigurationPlatforms) = preSolution
		Debug|Any CPU = Debug|Any CPU
		Release|Any CPU = Release|Any CPU
	EndGlobalSection
	GlobalSection(ProjectConfigurationPlatforms) = postSolution
		{DA46FFB4-0F4B-4560-90BD-285CE62C27F6}.Debug|Any CPU.ActiveCfg = Debug|Any CPU
		{DA46FFB4-0F4B-4560-90BD-285CE62C27F6}.Debug|Any CPU.Build.0 = Debug|Any CPU
		{DA46FFB4-0F4B-4560-90BD-285CE62C27F6}.Release|Any CPU.ActiveCfg = Release|Any CPU
		{DA46FFB4-0F4B-4560-90BD-285CE62C27F6}.Release|Any CPU.Build.0 = Release|Any CPU
		{DADBAD4D-FB20-4966-A909-A67EE834AF60}.Debug|Any CPU.ActiveCfg = Debug|Any CPU
		{DADBAD4D-FB20-4966-A909-A67EE834AF60}.Debug|Any CPU.Build.0 = Debug|Any CPU
		{DADBAD4D-FB20-4966-A909-A67EE834AF60}.Release|Any CPU.ActiveCfg = Release|Any CPU
		{DADBAD4D-FB20-4966-A909-A67EE834AF60}.Release|Any CPU.Build.0 = Release|Any CPU
		{C4DDACCE-DC06-4D75-9DCC-4B619AD22E8B}.Debug|Any CPU.ActiveCfg = Debug|Any CPU
		{C4DDACCE-DC06-4D75-9DCC-4B619AD22E8B}.Debug|Any CPU.Build.0 = Debug|Any CPU
		{C4DDACCE-DC06-4D75-9DCC-4B619AD22E8B}.Release|Any CPU.ActiveCfg = Release|Any CPU
		{C4DDACCE-DC06-4D75-9DCC-4B619AD22E8B}.Release|Any CPU.Build.0 = Release|Any CPU
	EndGlobalSection
	GlobalSection(SolutionProperties) = preSolution
		HideSolutionNode = FALSE
	EndGlobalSection
	GlobalSection(ExtensibilityGlobals) = postSolution
		SolutionGuid = {BECC32DF-F38C-4973-9276-454B1E1F9409}
	EndGlobalSection
EndGlobal
